
Microsoft Visual Studio Solution File, Format Version 12.00
# Visual Studio Version 17
VisualStudioVersion = 17.11.35219.272
MinimumVisualStudioVersion = 10.0.40219.1
Project("{9A19103F-16F7-4668-BE54-9A1E7A4F7556}") = "CandidateHubApi", "CandidateHubApi\CandidateHubApi.csproj", "{BCA3C10D-FD88-47E9-A21B-CA17E4D92FAB}"
EndProject
Project("{9A19103F-16F7-4668-BE54-9A1E7A4F7556}") = "CandidateHubApi.Tests", "CandidateHubApi.Tests\CandidateHubApi.Tests.csproj", "{94F2B224-ECBA-4892-9DDF-258945288631}"
EndProject
Project("{2150E333-8FDC-42A3-9474-1A3956D46DE8}") = "Solution Items", "Solution Items", "{5FF4DD56-673F-4179-8AA0-93AA418A515D}"
	ProjectSection(SolutionItems) = preProject
		.gitignore = .gitignore
	EndProjectSection
EndProject
Global
	GlobalSection(SolutionConfigurationPlatforms) = preSolution
		Debug|Any CPU = Debug|Any CPU
		Release|Any CPU = Release|Any CPU
	EndGlobalSection
	GlobalSection(ProjectConfigurationPlatforms) = postSolution
		{BCA3C10D-FD88-47E9-A21B-CA17E4D92FAB}.Debug|Any CPU.ActiveCfg = Debug|Any CPU
		{BCA3C10D-FD88-47E9-A21B-CA17E4D92FAB}.Debug|Any CPU.Build.0 = Debug|Any CPU
		{BCA3C10D-FD88-47E9-A21B-CA17E4D92FAB}.Release|Any CPU.ActiveCfg = Release|Any CPU
		{BCA3C10D-FD88-47E9-A21B-CA17E4D92FAB}.Release|Any CPU.Build.0 = Release|Any CPU
		{94F2B224-ECBA-4892-9DDF-258945288631}.Debug|Any CPU.ActiveCfg = Debug|Any CPU
		{94F2B224-ECBA-4892-9DDF-258945288631}.Debug|Any CPU.Build.0 = Debug|Any CPU
		{94F2B224-ECBA-4892-9DDF-258945288631}.Release|Any CPU.ActiveCfg = Release|Any CPU
		{94F2B224-ECBA-4892-9DDF-258945288631}.Release|Any CPU.Build.0 = Release|Any CPU
	EndGlobalSection
	GlobalSection(SolutionProperties) = preSolution
		HideSolutionNode = FALSE
	EndGlobalSection
	GlobalSection(ExtensibilityGlobals) = postSolution
		SolutionGuid = {C3C5055C-0291-4131-A15E-732AE411CF73}
	EndGlobalSection
EndGlobal
